// !$*UTF8*$!
{
	archiveVersion = 1;
	classes = {
	};
	objectVersion = 50;
	objects = {

/* Begin PBXBuildFile section */
		180587462B02663F00A9E09E /* AppDelegate.swift in Sources */ = {isa = PBXBuildFile; fileRef = 180587452B02663F00A9E09E /* AppDelegate.swift */; };
		180587482B02663F00A9E09E /* SceneDelegate.swift in Sources */ = {isa = PBXBuildFile; fileRef = 180587472B02663F00A9E09E /* SceneDelegate.swift */; };
		1805874D2B02663F00A9E09E /* Main.storyboard in Resources */ = {isa = PBXBuildFile; fileRef = 1805874B2B02663F00A9E09E /* Main.storyboard */; };
		1805874F2B02664300A9E09E /* Assets.xcassets in Resources */ = {isa = PBXBuildFile; fileRef = 1805874E2B02664300A9E09E /* Assets.xcassets */; };
		180587522B02664300A9E09E /* LaunchScreen.storyboard in Resources */ = {isa = PBXBuildFile; fileRef = 180587502B02664300A9E09E /* LaunchScreen.storyboard */; };
		1805875A2B0266C000A9E09E /* MainViewController.swift in Sources */ = {isa = PBXBuildFile; fileRef = 180587592B0266C000A9E09E /* MainViewController.swift */; };
		1805875C2B0277B600A9E09E /* CustomTableViewCell.swift in Sources */ = {isa = PBXBuildFile; fileRef = 1805875B2B0277B600A9E09E /* CustomTableViewCell.swift */; };
		187A53642B03CCB300372526 /* PlaceModel.swift in Sources */ = {isa = PBXBuildFile; fileRef = 187A53632B03CCB300372526 /* PlaceModel.swift */; };
		187A53662B05143700372526 /* NewPlaceViewController.swift in Sources */ = {isa = PBXBuildFile; fileRef = 187A53652B05143700372526 /* NewPlaceViewController.swift */; };
/* End PBXBuildFile section */

/* Begin PBXFileReference section */
		180587422B02663F00A9E09E /* MyPlace.app */ = {isa = PBXFileReference; explicitFileType = wrapper.application; includeInIndex = 0; path = MyPlace.app; sourceTree = BUILT_PRODUCTS_DIR; };
		180587452B02663F00A9E09E /* AppDelegate.swift */ = {isa = PBXFileReference; lastKnownFileType = sourcecode.swift; path = AppDelegate.swift; sourceTree = "<group>"; };
		180587472B02663F00A9E09E /* SceneDelegate.swift */ = {isa = PBXFileReference; lastKnownFileType = sourcecode.swift; path = SceneDelegate.swift; sourceTree = "<group>"; };
		1805874C2B02663F00A9E09E /* Base */ = {isa = PBXFileReference; lastKnownFileType = file.storyboard; name = Base; path = Base.lproj/Main.storyboard; sourceTree = "<group>"; };
		1805874E2B02664300A9E09E /* Assets.xcassets */ = {isa = PBXFileReference; lastKnownFileType = folder.assetcatalog; path = Assets.xcassets; sourceTree = "<group>"; };
		180587512B02664300A9E09E /* Base */ = {isa = PBXFileReference; lastKnownFileType = file.storyboard; name = Base; path = Base.lproj/LaunchScreen.storyboard; sourceTree = "<group>"; };
		180587532B02664300A9E09E /* Info.plist */ = {isa = PBXFileReference; lastKnownFileType = text.plist.xml; path = Info.plist; sourceTree = "<group>"; };
		180587592B0266C000A9E09E /* MainViewController.swift */ = {isa = PBXFileReference; lastKnownFileType = sourcecode.swift; path = MainViewController.swift; sourceTree = "<group>"; };
		1805875B2B0277B600A9E09E /* CustomTableViewCell.swift */ = {isa = PBXFileReference; lastKnownFileType = sourcecode.swift; path = CustomTableViewCell.swift; sourceTree = "<group>"; };
		187A53632B03CCB300372526 /* PlaceModel.swift */ = {isa = PBXFileReference; lastKnownFileType = sourcecode.swift; path = PlaceModel.swift; sourceTree = "<group>"; };
		187A53652B05143700372526 /* NewPlaceViewController.swift */ = {isa = PBXFileReference; lastKnownFileType = sourcecode.swift; path = NewPlaceViewController.swift; sourceTree = "<group>"; };
/* End PBXFileReference section */

/* Begin PBXFrameworksBuildPhase section */
		1805873F2B02663F00A9E09E /* Frameworks */ = {
			isa = PBXFrameworksBuildPhase;
			buildActionMask = 2147483647;
			files = (
			);
			runOnlyForDeploymentPostprocessing = 0;
		};
/* End PBXFrameworksBuildPhase section */

/* Begin PBXGroup section */
		180587392B02663F00A9E09E = {
			isa = PBXGroup;
			children = (
				180587442B02663F00A9E09E /* MyPlace */,
				180587432B02663F00A9E09E /* Products */,
			);
			sourceTree = "<group>";
		};
		180587432B02663F00A9E09E /* Products */ = {
			isa = PBXGroup;
			children = (
				180587422B02663F00A9E09E /* MyPlace.app */,
			);
			name = Products;
			sourceTree = "<group>";
		};
		180587442B02663F00A9E09E /* MyPlace */ = {
			isa = PBXGroup;
			children = (
				180587452B02663F00A9E09E /* AppDelegate.swift */,
				180587592B0266C000A9E09E /* MainViewController.swift */,
				187A53652B05143700372526 /* NewPlaceViewController.swift */,
				187A53632B03CCB300372526 /* PlaceModel.swift */,
				1805875B2B0277B600A9E09E /* CustomTableViewCell.swift */,
				180587472B02663F00A9E09E /* SceneDelegate.swift */,
				1805874B2B02663F00A9E09E /* Main.storyboard */,
				1805874E2B02664300A9E09E /* Assets.xcassets */,
				180587502B02664300A9E09E /* LaunchScreen.storyboard */,
				180587532B02664300A9E09E /* Info.plist */,
			);
			path = MyPlace;
			sourceTree = "<group>";
		};
/* End PBXGroup section */

/* Begin PBXNativeTarget section */
		180587412B02663F00A9E09E /* MyPlace */ = {
			isa = PBXNativeTarget;
			buildConfigurationList = 180587562B02664300A9E09E /* Build configuration list for PBXNativeTarget "MyPlace" */;
			buildPhases = (
				1805873E2B02663F00A9E09E /* Sources */,
				1805873F2B02663F00A9E09E /* Frameworks */,
				180587402B02663F00A9E09E /* Resources */,
			);
			buildRules = (
			);
			dependencies = (
			);
			name = MyPlace;
			productName = MyPlace;
			productReference = 180587422B02663F00A9E09E /* MyPlace.app */;
			productType = "com.apple.product-type.application";
		};
/* End PBXNativeTarget section */

/* Begin PBXProject section */
		1805873A2B02663F00A9E09E /* Project object */ = {
			isa = PBXProject;
			attributes = {
				LastSwiftUpdateCheck = 1250;
				LastUpgradeCheck = 1250;
				TargetAttributes = {
					180587412B02663F00A9E09E = {
						CreatedOnToolsVersion = 12.5.1;
					};
				};
			};
			buildConfigurationList = 1805873D2B02663F00A9E09E /* Build configuration list for PBXProject "MyPlace" */;
			compatibilityVersion = "Xcode 9.3";
			developmentRegion = en;
			hasScannedForEncodings = 0;
			knownRegions = (
				en,
				Base,
			);
			mainGroup = 180587392B02663F00A9E09E;
			productRefGroup = 180587432B02663F00A9E09E /* Products */;
			projectDirPath = "";
			projectRoot = "";
			targets = (
				180587412B02663F00A9E09E /* MyPlace */,
			);
		};
/* End PBXProject section */

/* Begin PBXResourcesBuildPhase section */
		180587402B02663F00A9E09E /* Resources */ = {
			isa = PBXResourcesBuildPhase;
			buildActionMask = 2147483647;
			files = (
				180587522B02664300A9E09E /* LaunchScreen.storyboard in Resources */,
				1805874F2B02664300A9E09E /* Assets.xcassets in Resources */,
				1805874D2B02663F00A9E09E /* Main.storyboard in Resources */,
			);
			runOnlyForDeploymentPostprocessing = 0;
		};
/* End PBXResourcesBuildPhase section */

/* Begin PBXSourcesBuildPhase section */
		1805873E2B02663F00A9E09E /* Sources */ = {
			isa = PBXSourcesBuildPhase;
			buildActionMask = 2147483647;
			files = (
				1805875A2B0266C000A9E09E /* MainViewController.swift in Sources */,
				187A53662B05143700372526 /* NewPlaceViewController.swift in Sources */,
				180587462B02663F00A9E09E /* AppDelegate.swift in Sources */,
				187A53642B03CCB300372526 /* PlaceModel.swift in Sources */,
				1805875C2B0277B600A9E09E /* CustomTableViewCell.swift in Sources */,
				180587482B02663F00A9E09E /* SceneDelegate.swift in Sources */,
			);
			runOnlyForDeploymentPostprocessing = 0;
		};
/* End PBXSourcesBuildPhase section */

/* Begin PBXVariantGroup section */
		1805874B2B02663F00A9E09E /* Main.storyboard */ = {
			isa = PBXVariantGroup;
			children = (
				1805874C2B02663F00A9E09E /* Base */,
			);
			name = Main.storyboard;
			sourceTree = "<group>";
		};
		180587502B02664300A9E09E /* LaunchScreen.storyboard */ = {
			isa = PBXVariantGroup;
			children = (
				180587512B02664300A9E09E /* Base */,
			);
			name = LaunchScreen.storyboard;
			sourceTree = "<group>";
		};
/* End PBXVariantGroup section */

/* Begin XCBuildConfiguration section */
		180587542B02664300A9E09E /* Debug */ = {
			isa = XCBuildConfiguration;
			buildSettings = {
				ALWAYS_SEARCH_USER_PATHS = NO;
				CLANG_ANALYZER_NONNULL = YES;
				CLANG_ANALYZER_NUMBER_OBJECT_CONVERSION = YES_AGGRESSIVE;
				CLANG_CXX_LANGUAGE_STANDARD = "gnu++14";
				CLANG_CXX_LIBRARY = "libc++";
				CLANG_ENABLE_MODULES = YES;
				CLANG_ENABLE_OBJC_ARC = YES;
				CLANG_ENABLE_OBJC_WEAK = YES;
				CLANG_WARN_BLOCK_CAPTURE_AUTORELEASING = YES;
				CLANG_WARN_BOOL_CONVERSION = YES;
				CLANG_WARN_COMMA = YES;
				CLANG_WARN_CONSTANT_CONVERSION = YES;
				CLANG_WARN_DEPRECATED_OBJC_IMPLEMENTATIONS = YES;
				CLANG_WARN_DIRECT_OBJC_ISA_USAGE = YES_ERROR;
				CLANG_WARN_DOCUMENTATION_COMMENTS = YES;
				CLANG_WARN_EMPTY_BODY = YES;
				CLANG_WARN_ENUM_CONVERSION = YES;
				CLANG_WARN_INFINITE_RECURSION = YES;
				CLANG_WARN_INT_CONVERSION = YES;
				CLANG_WARN_NON_LITERAL_NULL_CONVERSION = YES;
				CLANG_WARN_OBJC_IMPLICIT_RETAIN_SELF = YES;
				CLANG_WARN_OBJC_LITERAL_CONVERSION = YES;
				CLANG_WARN_OBJC_ROOT_CLASS = YES_ERROR;
				CLANG_WARN_QUOTED_INCLUDE_IN_FRAMEWORK_HEADER = YES;
				CLANG_WARN_RANGE_LOOP_ANALYSIS = YES;
				CLANG_WARN_STRICT_PROTOTYPES = YES;
				CLANG_WARN_SUSPICIOUS_MOVE = YES;
				CLANG_WARN_UNGUARDED_AVAILABILITY = YES_AGGRESSIVE;
				CLANG_WARN_UNREACHABLE_CODE = YES;
				CLANG_WARN__DUPLICATE_METHOD_MATCH = YES;
				COPY_PHASE_STRIP = NO;
				DEBUG_INFORMATION_FORMAT = dwarf;
				ENABLE_STRICT_OBJC_MSGSEND = YES;
				ENABLE_TESTABILITY = YES;
				GCC_C_LANGUAGE_STANDARD = gnu11;
				GCC_DYNAMIC_NO_PIC = NO;
				GCC_NO_COMMON_BLOCKS = YES;
				GCC_OPTIMIZATION_LEVEL = 0;
				GCC_PREPROCESSOR_DEFINITIONS = (
					"DEBUG=1",
					"$(inherited)",
				);
				GCC_WARN_64_TO_32_BIT_CONVERSION = YES;
				GCC_WARN_ABOUT_RETURN_TYPE = YES_ERROR;
				GCC_WARN_UNDECLARED_SELECTOR = YES;
				GCC_WARN_UNINITIALIZED_AUTOS = YES_AGGRESSIVE;
				GCC_WARN_UNUSED_FUNCTION = YES;
				GCC_WARN_UNUSED_VARIABLE = YES;
				IPHONEOS_DEPLOYMENT_TARGET = 14.5;
				MTL_ENABLE_DEBUG_INFO = INCLUDE_SOURCE;
				MTL_FAST_MATH = YES;
				ONLY_ACTIVE_ARCH = YES;
				SDKROOT = iphoneos;
				SWIFT_ACTIVE_COMPILATION_CONDITIONS = DEBUG;
				SWIFT_OPTIMIZATION_LEVEL = "-Onone";
			};
			name = Debug;
		};
		180587552B02664300A9E09E /* Release */ = {
			isa = XCBuildConfiguration;
			buildSettings = {
				ALWAYS_SEARCH_USER_PATHS = NO;
				CLANG_ANALYZER_NONNULL = YES;
				CLANG_ANALYZER_NUMBER_OBJECT_CONVERSION = YES_AGGRESSIVE;
				CLANG_CXX_LANGUAGE_STANDARD = "gnu++14";
				CLANG_CXX_LIBRARY = "libc++";
				CLANG_ENABLE_MODULES = YES;
				CLANG_ENABLE_OBJC_ARC = YES;
				CLANG_ENABLE_OBJC_WEAK = YES;
				CLANG_WARN_BLOCK_CAPTURE_AUTORELEASING = YES;
				CLANG_WARN_BOOL_CONVERSION = YES;
				CLANG_WARN_COMMA = YES;
				CLANG_WARN_CONSTANT_CONVERSION = YES;
				CLANG_WARN_DEPRECATED_OBJC_IMPLEMENTATIONS = YES;
				CLANG_WARN_DIRECT_OBJC_ISA_USAGE = YES_ERROR;
				CLANG_WARN_DOCUMENTATION_COMMENTS = YES;
				CLANG_WARN_EMPTY_BODY = YES;
				CLANG_WARN_ENUM_CONVERSION = YES;
				CLANG_WARN_INFINITE_RECURSION = YES;
				CLANG_WARN_INT_CONVERSION = YES;
				CLANG_WARN_NON_LITERAL_NULL_CONVERSION = YES;
				CLANG_WARN_OBJC_IMPLICIT_RETAIN_SELF = YES;
				CLANG_WARN_OBJC_LITERAL_CONVERSION = YES;
				CLANG_WARN_OBJC_ROOT_CLASS = YES_ERROR;
				CLANG_WARN_QUOTED_INCLUDE_IN_FRAMEWORK_HEADER = YES;
				CLANG_WARN_RANGE_LOOP_ANALYSIS = YES;
				CLANG_WARN_STRICT_PROTOTYPES = YES;
				CLANG_WARN_SUSPICIOUS_MOVE = YES;
				CLANG_WARN_UNGUARDED_AVAILABILITY = YES_AGGRESSIVE;
				CLANG_WARN_UNREACHABLE_CODE = YES;
				CLANG_WARN__DUPLICATE_METHOD_MATCH = YES;
				COPY_PHASE_STRIP = NO;
				DEBUG_INFORMATION_FORMAT = "dwarf-with-dsym";
				ENABLE_NS_ASSERTIONS = NO;
				ENABLE_STRICT_OBJC_MSGSEND = YES;
				GCC_C_LANGUAGE_STANDARD = gnu11;
				GCC_NO_COMMON_BLOCKS = YES;
				GCC_WARN_64_TO_32_BIT_CONVERSION = YES;
				GCC_WARN_ABOUT_RETURN_TYPE = YES_ERROR;
				GCC_WARN_UNDECLARED_SELECTOR = YES;
				GCC_WARN_UNINITIALIZED_AUTOS = YES_AGGRESSIVE;
				GCC_WARN_UNUSED_FUNCTION = YES;
				GCC_WARN_UNUSED_VARIABLE = YES;
				IPHONEOS_DEPLOYMENT_TARGET = 14.5;
				MTL_ENABLE_DEBUG_INFO = NO;
				MTL_FAST_MATH = YES;
				SDKROOT = iphoneos;
				SWIFT_COMPILATION_MODE = wholemodule;
				SWIFT_OPTIMIZATION_LEVEL = "-O";
				VALIDATE_PRODUCT = YES;
			};
			name = Release;
		};
		180587572B02664300A9E09E /* Debug */ = {
			isa = XCBuildConfiguration;
			buildSettings = {
				ASSETCATALOG_COMPILER_APPICON_NAME = AppIcon;
				ASSETCATALOG_COMPILER_GLOBAL_ACCENT_COLOR_NAME = AccentColor;
				CODE_SIGN_STYLE = Automatic;
				DEVELOPMENT_TEAM = 4XCYPCN432;
				INFOPLIST_FILE = MyPlace/Info.plist;
				LD_RUNPATH_SEARCH_PATHS = (
					"$(inherited)",
					"@executable_path/Frameworks",
				);
				PRODUCT_BUNDLE_IDENTIFIER = GeoDzh.MyPlace;
				PRODUCT_NAME = "$(TARGET_NAME)";
				SWIFT_VERSION = 5.0;
				TARGETED_DEVICE_FAMILY = "1,2";
			};
			name = Debug;
		};
		180587582B02664300A9E09E /* Release */ = {
			isa = XCBuildConfiguration;
			buildSettings = {
				ASSETCATALOG_COMPILER_APPICON_NAME = AppIcon;
				ASSETCATALOG_COMPILER_GLOBAL_ACCENT_COLOR_NAME = AccentColor;
				CODE_SIGN_STYLE = Automatic;
				DEVELOPMENT_TEAM = 4XCYPCN432;
				INFOPLIST_FILE = MyPlace/Info.plist;
				LD_RUNPATH_SEARCH_PATHS = (
					"$(inherited)",
					"@executable_path/Frameworks",
				);
				PRODUCT_BUNDLE_IDENTIFIER = GeoDzh.MyPlace;
				PRODUCT_NAME = "$(TARGET_NAME)";
				SWIFT_VERSION = 5.0;
				TARGETED_DEVICE_FAMILY = "1,2";
			};
			name = Release;
		};
/* End XCBuildConfiguration section */

/* Begin XCConfigurationList section */
		1805873D2B02663F00A9E09E /* Build configuration list for PBXProject "MyPlace" */ = {
			isa = XCConfigurationList;
			buildConfigurations = (
				180587542B02664300A9E09E /* Debug */,
				180587552B02664300A9E09E /* Release */,
			);
			defaultConfigurationIsVisible = 0;
			defaultConfigurationName = Release;
		};
		180587562B02664300A9E09E /* Build configuration list for PBXNativeTarget "MyPlace" */ = {
			isa = XCConfigurationList;
			buildConfigurations = (
				180587572B02664300A9E09E /* Debug */,
				180587582B02664300A9E09E /* Release */,
			);
			defaultConfigurationIsVisible = 0;
			defaultConfigurationName = Release;
		};
/* End XCConfigurationList section */
	};
	rootObject = 1805873A2B02663F00A9E09E /* Project object */;
}
